// !$*UTF8*$!
{
	archiveVersion = 1;
	classes = {
	};
	objectVersion = 50;
	objects = {

/* Begin PBXBuildFile section */
		FA0E20E521B6C2A400FDC020 /* AppDelegate.swift in Sources */ = {isa = PBXBuildFile; fileRef = FA0E20E421B6C2A400FDC020 /* AppDelegate.swift */; };
		FA0E20E721B6C2A400FDC020 /* ViewController.swift in Sources */ = {isa = PBXBuildFile; fileRef = FA0E20E621B6C2A400FDC020 /* ViewController.swift */; };
		FA0E20EA21B6C2A400FDC020 /* Main.storyboard in Resources */ = {isa = PBXBuildFile; fileRef = FA0E20E821B6C2A400FDC020 /* Main.storyboard */; };
		FA0E20EC21B6C2A600FDC020 /* Assets.xcassets in Resources */ = {isa = PBXBuildFile; fileRef = FA0E20EB21B6C2A600FDC020 /* Assets.xcassets */; };
		FA0E20EF21B6C2A600FDC020 /* LaunchScreen.storyboard in Resources */ = {isa = PBXBuildFile; fileRef = FA0E20ED21B6C2A600FDC020 /* LaunchScreen.storyboard */; };
		FA0E20F721B6C7AA00FDC020 /* OktaLogin.swift in Sources */ = {isa = PBXBuildFile; fileRef = FA0E20F621B6C7A900FDC020 /* OktaLogin.swift */; };
		FA0E20FB21B810F200FDC020 /* PKCE.swift in Sources */ = {isa = PBXBuildFile; fileRef = FA0E20FA21B810F200FDC020 /* PKCE.swift */; };
/* End PBXBuildFile section */

/* Begin PBXFileReference section */
		FA0E20E121B6C2A400FDC020 /* OktaLogin.app */ = {isa = PBXFileReference; explicitFileType = wrapper.application; includeInIndex = 0; path = OktaLogin.app; sourceTree = BUILT_PRODUCTS_DIR; };
		FA0E20E421B6C2A400FDC020 /* AppDelegate.swift */ = {isa = PBXFileReference; lastKnownFileType = sourcecode.swift; path = AppDelegate.swift; sourceTree = "<group>"; };
		FA0E20E621B6C2A400FDC020 /* ViewController.swift */ = {isa = PBXFileReference; lastKnownFileType = sourcecode.swift; path = ViewController.swift; sourceTree = "<group>"; };
		FA0E20E921B6C2A400FDC020 /* Base */ = {isa = PBXFileReference; lastKnownFileType = file.storyboard; name = Base; path = Base.lproj/Main.storyboard; sourceTree = "<group>"; };
		FA0E20EB21B6C2A600FDC020 /* Assets.xcassets */ = {isa = PBXFileReference; lastKnownFileType = folder.assetcatalog; path = Assets.xcassets; sourceTree = "<group>"; };
		FA0E20EE21B6C2A600FDC020 /* Base */ = {isa = PBXFileReference; lastKnownFileType = file.storyboard; name = Base; path = Base.lproj/LaunchScreen.storyboard; sourceTree = "<group>"; };
		FA0E20F021B6C2A600FDC020 /* Info.plist */ = {isa = PBXFileReference; lastKnownFileType = text.plist.xml; path = Info.plist; sourceTree = "<group>"; };
		FA0E20F621B6C7A900FDC020 /* OktaLogin.swift */ = {isa = PBXFileReference; lastKnownFileType = sourcecode.swift; path = OktaLogin.swift; sourceTree = "<group>"; };
		FA0E20FA21B810F200FDC020 /* PKCE.swift */ = {isa = PBXFileReference; lastKnownFileType = sourcecode.swift; path = PKCE.swift; sourceTree = "<group>"; };
/* End PBXFileReference section */

/* Begin PBXFrameworksBuildPhase section */
		FA0E20DE21B6C2A400FDC020 /* Frameworks */ = {
			isa = PBXFrameworksBuildPhase;
			buildActionMask = 2147483647;
			files = (
			);
			runOnlyForDeploymentPostprocessing = 0;
		};
/* End PBXFrameworksBuildPhase section */

/* Begin PBXGroup section */
		FA0E20D821B6C2A400FDC020 = {
			isa = PBXGroup;
			children = (
				FA0E20E321B6C2A400FDC020 /* OktaLogin */,
				FA0E20E221B6C2A400FDC020 /* Products */,
			);
			sourceTree = "<group>";
		};
		FA0E20E221B6C2A400FDC020 /* Products */ = {
			isa = PBXGroup;
			children = (
				FA0E20E121B6C2A400FDC020 /* OktaLogin.app */,
			);
			name = Products;
			sourceTree = "<group>";
		};
		FA0E20E321B6C2A400FDC020 /* OktaLogin */ = {
			isa = PBXGroup;
			children = (
				FA0E20E421B6C2A400FDC020 /* AppDelegate.swift */,
				FA0E20E621B6C2A400FDC020 /* ViewController.swift */,
				FA0E20E821B6C2A400FDC020 /* Main.storyboard */,
				FA0E20EB21B6C2A600FDC020 /* Assets.xcassets */,
				FA0E20ED21B6C2A600FDC020 /* LaunchScreen.storyboard */,
				FA0E20F021B6C2A600FDC020 /* Info.plist */,
				FA0E20F621B6C7A900FDC020 /* OktaLogin.swift */,
				FA0E20FA21B810F200FDC020 /* PKCE.swift */,
			);
			path = OktaLogin;
			sourceTree = "<group>";
		};
/* End PBXGroup section */

/* Begin PBXNativeTarget section */
		FA0E20E021B6C2A400FDC020 /* OktaLogin */ = {
			isa = PBXNativeTarget;
			buildConfigurationList = FA0E20F321B6C2A600FDC020 /* Build configuration list for PBXNativeTarget "OktaLogin" */;
			buildPhases = (
				FA0E20DD21B6C2A400FDC020 /* Sources */,
				FA0E20DE21B6C2A400FDC020 /* Frameworks */,
				FA0E20DF21B6C2A400FDC020 /* Resources */,
			);
			buildRules = (
			);
			dependencies = (
			);
			name = OktaLogin;
			productName = OktaLogin;
			productReference = FA0E20E121B6C2A400FDC020 /* OktaLogin.app */;
			productType = "com.apple.product-type.application";
		};
/* End PBXNativeTarget section */

/* Begin PBXProject section */
		FA0E20D921B6C2A400FDC020 /* Project object */ = {
			isa = PBXProject;
			attributes = {
				LastSwiftUpdateCheck = 1010;
				LastUpgradeCheck = 1010;
				ORGANIZATIONNAME = Alex;
				TargetAttributes = {
					FA0E20E021B6C2A400FDC020 = {
						CreatedOnToolsVersion = 10.1;
					};
				};
			};
			buildConfigurationList = FA0E20DC21B6C2A400FDC020 /* Build configuration list for PBXProject "OktaLogin" */;
			compatibilityVersion = "Xcode 9.3";
			developmentRegion = en;
			hasScannedForEncodings = 0;
			knownRegions = (
				en,
				Base,
			);
			mainGroup = FA0E20D821B6C2A400FDC020;
			productRefGroup = FA0E20E221B6C2A400FDC020 /* Products */;
			projectDirPath = "";
			projectRoot = "";
			targets = (
				FA0E20E021B6C2A400FDC020 /* OktaLogin */,
			);
		};
/* End PBXProject section */

/* Begin PBXResourcesBuildPhase section */
		FA0E20DF21B6C2A400FDC020 /* Resources */ = {
			isa = PBXResourcesBuildPhase;
			buildActionMask = 2147483647;
			files = (
				FA0E20EF21B6C2A600FDC020 /* LaunchScreen.storyboard in Resources */,
				FA0E20EC21B6C2A600FDC020 /* Assets.xcassets in Resources */,
				FA0E20EA21B6C2A400FDC020 /* Main.storyboard in Resources */,
			);
			runOnlyForDeploymentPostprocessing = 0;
		};
/* End PBXResourcesBuildPhase section */

/* Begin PBXSourcesBuildPhase section */
		FA0E20DD21B6C2A400FDC020 /* Sources */ = {
			isa = PBXSourcesBuildPhase;
			buildActionMask = 2147483647;
			files = (
				FA0E20FB21B810F200FDC020 /* PKCE.swift in Sources */,
				FA0E20E721B6C2A400FDC020 /* ViewController.swift in Sources */,
				FA0E20F721B6C7AA00FDC020 /* OktaLogin.swift in Sources */,
				FA0E20E521B6C2A400FDC020 /* AppDelegate.swift in Sources */,
			);
			runOnlyForDeploymentPostprocessing = 0;
		};
/* End PBXSourcesBuildPhase section */

/* Begin PBXVariantGroup section */
		FA0E20E821B6C2A400FDC020 /* Main.storyboard */ = {
			isa = PBXVariantGroup;
			children = (
				FA0E20E921B6C2A400FDC020 /* Base */,
			);
			name = Main.storyboard;
			sourceTree = "<group>";
		};
		FA0E20ED21B6C2A600FDC020 /* LaunchScreen.storyboard */ = {
			isa = PBXVariantGroup;
			children = (
				FA0E20EE21B6C2A600FDC020 /* Base */,
			);
			name = LaunchScreen.storyboard;
			sourceTree = "<group>";
		};
/* End PBXVariantGroup section */

/* Begin XCBuildConfiguration section */
		FA0E20F121B6C2A600FDC020 /* Debug */ = {
			isa = XCBuildConfiguration;
			buildSettings = {
				ALWAYS_SEARCH_USER_PATHS = NO;
				CLANG_ANALYZER_NONNULL = YES;
				CLANG_ANALYZER_NUMBER_OBJECT_CONVERSION = YES_AGGRESSIVE;
				CLANG_CXX_LANGUAGE_STANDARD = "gnu++14";
				CLANG_CXX_LIBRARY = "libc++";
				CLANG_ENABLE_MODULES = YES;
				CLANG_ENABLE_OBJC_ARC = YES;
				CLANG_ENABLE_OBJC_WEAK = YES;
				CLANG_WARN_BLOCK_CAPTURE_AUTORELEASING = YES;
				CLANG_WARN_BOOL_CONVERSION = YES;
				CLANG_WARN_COMMA = YES;
				CLANG_WARN_CONSTANT_CONVERSION = YES;
				CLANG_WARN_DEPRECATED_OBJC_IMPLEMENTATIONS = YES;
				CLANG_WARN_DIRECT_OBJC_ISA_USAGE = YES_ERROR;
				CLANG_WARN_DOCUMENTATION_COMMENTS = YES;
				CLANG_WARN_EMPTY_BODY = YES;
				CLANG_WARN_ENUM_CONVERSION = YES;
				CLANG_WARN_INFINITE_RECURSION = YES;
				CLANG_WARN_INT_CONVERSION = YES;
				CLANG_WARN_NON_LITERAL_NULL_CONVERSION = YES;
				CLANG_WARN_OBJC_IMPLICIT_RETAIN_SELF = YES;
				CLANG_WARN_OBJC_LITERAL_CONVERSION = YES;
				CLANG_WARN_OBJC_ROOT_CLASS = YES_ERROR;
				CLANG_WARN_RANGE_LOOP_ANALYSIS = YES;
				CLANG_WARN_STRICT_PROTOTYPES = YES;
				CLANG_WARN_SUSPICIOUS_MOVE = YES;
				CLANG_WARN_UNGUARDED_AVAILABILITY = YES_AGGRESSIVE;
				CLANG_WARN_UNREACHABLE_CODE = YES;
				CLANG_WARN__DUPLICATE_METHOD_MATCH = YES;
				CODE_SIGN_IDENTITY = "iPhone Developer";
				COPY_PHASE_STRIP = NO;
				DEBUG_INFORMATION_FORMAT = dwarf;
				ENABLE_STRICT_OBJC_MSGSEND = YES;
				ENABLE_TESTABILITY = YES;
				GCC_C_LANGUAGE_STANDARD = gnu11;
				GCC_DYNAMIC_NO_PIC = NO;
				GCC_NO_COMMON_BLOCKS = YES;
				GCC_OPTIMIZATION_LEVEL = 0;
				GCC_PREPROCESSOR_DEFINITIONS = (
					"DEBUG=1",
					"$(inherited)",
				);
				GCC_WARN_64_TO_32_BIT_CONVERSION = YES;
				GCC_WARN_ABOUT_RETURN_TYPE = YES_ERROR;
				GCC_WARN_UNDECLARED_SELECTOR = YES;
				GCC_WARN_UNINITIALIZED_AUTOS = YES_AGGRESSIVE;
				GCC_WARN_UNUSED_FUNCTION = YES;
				GCC_WARN_UNUSED_VARIABLE = YES;
				IPHONEOS_DEPLOYMENT_TARGET = 12.1;
				MTL_ENABLE_DEBUG_INFO = INCLUDE_SOURCE;
				MTL_FAST_MATH = YES;
				ONLY_ACTIVE_ARCH = YES;
				SDKROOT = iphoneos;
				SWIFT_ACTIVE_COMPILATION_CONDITIONS = DEBUG;
				SWIFT_OPTIMIZATION_LEVEL = "-Onone";
			};
			name = Debug;
		};
		FA0E20F221B6C2A600FDC020 /* Release */ = {
			isa = XCBuildConfiguration;
			buildSettings = {
				ALWAYS_SEARCH_USER_PATHS = NO;
				CLANG_ANALYZER_NONNULL = YES;
				CLANG_ANALYZER_NUMBER_OBJECT_CONVERSION = YES_AGGRESSIVE;
				CLANG_CXX_LANGUAGE_STANDARD = "gnu++14";
				CLANG_CXX_LIBRARY = "libc++";
				CLANG_ENABLE_MODULES = YES;
				CLANG_ENABLE_OBJC_ARC = YES;
				CLANG_ENABLE_OBJC_WEAK = YES;
				CLANG_WARN_BLOCK_CAPTURE_AUTORELEASING = YES;
				CLANG_WARN_BOOL_CONVERSION = YES;
				CLANG_WARN_COMMA = YES;
				CLANG_WARN_CONSTANT_CONVERSION = YES;
				CLANG_WARN_DEPRECATED_OBJC_IMPLEMENTATIONS = YES;
				CLANG_WARN_DIRECT_OBJC_ISA_USAGE = YES_ERROR;
				CLANG_WARN_DOCUMENTATION_COMMENTS = YES;
				CLANG_WARN_EMPTY_BODY = YES;
				CLANG_WARN_ENUM_CONVERSION = YES;
				CLANG_WARN_INFINITE_RECURSION = YES;
				CLANG_WARN_INT_CONVERSION = YES;
				CLANG_WARN_NON_LITERAL_NULL_CONVERSION = YES;
				CLANG_WARN_OBJC_IMPLICIT_RETAIN_SELF = YES;
				CLANG_WARN_OBJC_LITERAL_CONVERSION = YES;
				CLANG_WARN_OBJC_ROOT_CLASS = YES_ERROR;
				CLANG_WARN_RANGE_LOOP_ANALYSIS = YES;
				CLANG_WARN_STRICT_PROTOTYPES = YES;
				CLANG_WARN_SUSPICIOUS_MOVE = YES;
				CLANG_WARN_UNGUARDED_AVAILABILITY = YES_AGGRESSIVE;
				CLANG_WARN_UNREACHABLE_CODE = YES;
				CLANG_WARN__DUPLICATE_METHOD_MATCH = YES;
				CODE_SIGN_IDENTITY = "iPhone Developer";
				COPY_PHASE_STRIP = NO;
				DEBUG_INFORMATION_FORMAT = "dwarf-with-dsym";
				ENABLE_NS_ASSERTIONS = NO;
				ENABLE_STRICT_OBJC_MSGSEND = YES;
				GCC_C_LANGUAGE_STANDARD = gnu11;
				GCC_NO_COMMON_BLOCKS = YES;
				GCC_WARN_64_TO_32_BIT_CONVERSION = YES;
				GCC_WARN_ABOUT_RETURN_TYPE = YES_ERROR;
				GCC_WARN_UNDECLARED_SELECTOR = YES;
				GCC_WARN_UNINITIALIZED_AUTOS = YES_AGGRESSIVE;
				GCC_WARN_UNUSED_FUNCTION = YES;
				GCC_WARN_UNUSED_VARIABLE = YES;
				IPHONEOS_DEPLOYMENT_TARGET = 12.1;
				MTL_ENABLE_DEBUG_INFO = NO;
				MTL_FAST_MATH = YES;
				SDKROOT = iphoneos;
				SWIFT_COMPILATION_MODE = wholemodule;
				SWIFT_OPTIMIZATION_LEVEL = "-O";
				VALIDATE_PRODUCT = YES;
			};
			name = Release;
		};
		FA0E20F421B6C2A600FDC020 /* Debug */ = {
			isa = XCBuildConfiguration;
			buildSettings = {
				ASSETCATALOG_COMPILER_APPICON_NAME = AppIcon;
				CODE_SIGN_STYLE = Automatic;
				DEVELOPMENT_TEAM = A36W875H7F;
				INFOPLIST_FILE = OktaLogin/Info.plist;
				LD_RUNPATH_SEARCH_PATHS = (
					"$(inherited)",
					"@executable_path/Frameworks",
				);
				PRODUCT_BUNDLE_IDENTIFIER = com.alexlebedev.OktaLogin;
				PRODUCT_NAME = "$(TARGET_NAME)";
				SWIFT_VERSION = 4.2;
				TARGETED_DEVICE_FAMILY = "1,2";
			};
			name = Debug;
		};
		FA0E20F521B6C2A600FDC020 /* Release */ = {
			isa = XCBuildConfiguration;
			buildSettings = {
				ASSETCATALOG_COMPILER_APPICON_NAME = AppIcon;
				CODE_SIGN_STYLE = Automatic;
				DEVELOPMENT_TEAM = A36W875H7F;
				INFOPLIST_FILE = OktaLogin/Info.plist;
				LD_RUNPATH_SEARCH_PATHS = (
					"$(inherited)",
					"@executable_path/Frameworks",
				);
				PRODUCT_BUNDLE_IDENTIFIER = com.alexlebedev.OktaLogin;
				PRODUCT_NAME = "$(TARGET_NAME)";
				SWIFT_VERSION = 4.2;
				TARGETED_DEVICE_FAMILY = "1,2";
			};
			name = Release;
		};
/* End XCBuildConfiguration section */

/* Begin XCConfigurationList section */
		FA0E20DC21B6C2A400FDC020 /* Build configuration list for PBXProject "OktaLogin" */ = {
			isa = XCConfigurationList;
			buildConfigurations = (
				FA0E20F121B6C2A600FDC020 /* Debug */,
				FA0E20F221B6C2A600FDC020 /* Release */,
			);
			defaultConfigurationIsVisible = 0;
			defaultConfigurationName = Release;
		};
		FA0E20F321B6C2A600FDC020 /* Build configuration list for PBXNativeTarget "OktaLogin" */ = {
			isa = XCConfigurationList;
			buildConfigurations = (
				FA0E20F421B6C2A600FDC020 /* Debug */,
				FA0E20F521B6C2A600FDC020 /* Release */,
			);
			defaultConfigurationIsVisible = 0;
			defaultConfigurationName = Release;
		};
/* End XCConfigurationList section */
	};
	rootObject = FA0E20D921B6C2A400FDC020 /* Project object */;
}
